
Microsoft Visual Studio Solution File, Format Version 12.00
# Visual Studio 15
VisualStudioVersion = 15.0.27130.2027
MinimumVisualStudioVersion = 10.0.40219.1
Project("{FAE04EC0-301F-11D3-BF4B-00C04F79EFBC}") = "CarSalesApp1", "CarSalesApp1\CarSalesApp1.csproj", "{328594CD-98A1-4D5D-8898-634E1FC7E8A4}"
EndProject
Global
	GlobalSection(SolutionConfigurationPlatforms) = preSolution
		Debug|Any CPU = Debug|Any CPU
		Release|Any CPU = Release|Any CPU
	EndGlobalSection
	GlobalSection(ProjectConfigurationPlatforms) = postSolution
		{328594CD-98A1-4D5D-8898-634E1FC7E8A4}.Debug|Any CPU.ActiveCfg = Debug|Any CPU
		{328594CD-98A1-4D5D-8898-634E1FC7E8A4}.Debug|Any CPU.Build.0 = Debug|Any CPU
		{328594CD-98A1-4D5D-8898-634E1FC7E8A4}.Release|Any CPU.ActiveCfg = Release|Any CPU
		{328594CD-98A1-4D5D-8898-634E1FC7E8A4}.Release|Any CPU.Build.0 = Release|Any CPU
	EndGlobalSection
	GlobalSection(SolutionProperties) = preSolution
		HideSolutionNode = FALSE
	EndGlobalSection
	GlobalSection(ExtensibilityGlobals) = postSolution
		SolutionGuid = {72CD7382-BDB0-4979-B9A9-65B3F1D57E8E}
	EndGlobalSection
EndGlobal
